
Microsoft Visual Studio Solution File, Format Version 12.00
# Visual Studio 15
VisualStudioVersion = 15.0.28307.539
MinimumVisualStudioVersion = 10.0.40219.1
Project("{FAE04EC0-301F-11D3-BF4B-00C04F79EFBC}") = "RENTACAR", "RENTACAR\RENTACAR.csproj", "{A826D13F-81B4-4AE0-9194-E7D6E944FB2A}"
EndProject
Project("{FAE04EC0-301F-11D3-BF4B-00C04F79EFBC}") = "RENTACARTests", "RENTACARTests\RENTACARTests.csproj", "{5C0EBABE-7522-4C2C-8442-CF8A6A81E251}"
EndProject
Global
	GlobalSection(SolutionConfigurationPlatforms) = preSolution
		Debug|Any CPU = Debug|Any CPU
		Release|Any CPU = Release|Any CPU
	EndGlobalSection
	GlobalSection(ProjectConfigurationPlatforms) = postSolution
		{A826D13F-81B4-4AE0-9194-E7D6E944FB2A}.Debug|Any CPU.ActiveCfg = Debug|Any CPU
		{A826D13F-81B4-4AE0-9194-E7D6E944FB2A}.Debug|Any CPU.Build.0 = Debug|Any CPU
		{A826D13F-81B4-4AE0-9194-E7D6E944FB2A}.Release|Any CPU.ActiveCfg = Release|Any CPU
		{A826D13F-81B4-4AE0-9194-E7D6E944FB2A}.Release|Any CPU.Build.0 = Release|Any CPU
		{5C0EBABE-7522-4C2C-8442-CF8A6A81E251}.Debug|Any CPU.ActiveCfg = Debug|Any CPU
		{5C0EBABE-7522-4C2C-8442-CF8A6A81E251}.Debug|Any CPU.Build.0 = Debug|Any CPU
		{5C0EBABE-7522-4C2C-8442-CF8A6A81E251}.Release|Any CPU.ActiveCfg = Release|Any CPU
		{5C0EBABE-7522-4C2C-8442-CF8A6A81E251}.Release|Any CPU.Build.0 = Release|Any CPU
	EndGlobalSection
	GlobalSection(SolutionProperties) = preSolution
		HideSolutionNode = FALSE
	EndGlobalSection
	GlobalSection(ExtensibilityGlobals) = postSolution
		SolutionGuid = {E5249E39-E468-47C3-9A2F-349D8363D488}
	EndGlobalSection
EndGlobal
